{
  "name": "adventure-engine---yandexalice-mongodb-js",
  "version": "1.0.0",
  "lockfileVersion": 1,
  "requires": true,
  "dependencies": {
    "@types/fast-levenshtein": {
      "version": "0.0.1",
      "resolved": "https://registry.npmjs.org/@types/fast-levenshtein/-/fast-levenshtein-0.0.1.tgz",
      "integrity": "sha1-OjYVzxc2Rcj8pY0FHk4ygk5L0oY="
    },
    "@types/node": {
      "version": "10.11.6",
      "resolved": "https://registry.npmjs.org/@types/node/-/node-10.11.6.tgz",
      "integrity": "sha512-fnA7yvqg3oKQDb3skBif9w5RRKVKAaeKeNuLzZL37XcSiWL4IoSXQnnbchR3UnBu2EMLHBip7ZVEkqoIVBP8QQ=="
    },
    "@types/node-fetch": {
      "version": "2.1.2",
      "resolved": "https://registry.npmjs.org/@types/node-fetch/-/node-fetch-2.1.2.tgz",
      "integrity": "sha512-XroxUzLpKuL+CVkQqXlffRkEPi4Gh3Oui/mWyS7ztKiyqVxiU+h3imCW5I2NQmde5jK+3q++36/Q96cyRWsweg==",
      "requires": {
        "@types/node": "*"
      }
    },
    "debug": {
      "version": "3.2.6",
      "resolved": "https://registry.npmjs.org/debug/-/debug-3.2.6.tgz",
      "integrity": "sha512-mel+jf7nrtEl5Pn1Qx46zARXKDpBbvzezse7p7LqINmdoIk8PYP5SySaxEmYv6TZ0JyEKA1hsCId6DIhgITtWQ==",
      "requires": {
        "ms": "^2.1.1"
      }
    },
    "fast-levenshtein": {
      "version": "2.0.6",
      "resolved": "https://registry.npmjs.org/fast-levenshtein/-/fast-levenshtein-2.0.6.tgz",
      "integrity": "sha1-PYpcZog6FqMMqGQ+hR8Zuqd5eRc="
    },
    "ms": {
      "version": "2.1.1",
      "resolved": "https://registry.npmjs.org/ms/-/ms-2.1.1.tgz",
      "integrity": "sha512-tgp+dl5cGk28utYktBsrFqA7HKgrhgPsg6Z/EfhWI4gl1Hwq8B/GmY/0oXZ6nF8hDVesS/FpnYaD/kOWhYQvyg=="
    },
    "node-fetch": {
      "version": "2.2.0",
      "resolved": "https://registry.npmjs.org/node-fetch/-/node-fetch-2.2.0.tgz",
      "integrity": "sha512-OayFWziIxiHY8bCUyLX6sTpDH8Jsbp4FfYd1j1f7vZyfgkcOnAyM4oQR16f8a0s7Gl/viMGRey8eScYk4V4EZA=="
    },
    "yandex-dialogs-sdk": {
      "version": "2.0.5",
      "resolved": "https://registry.npmjs.org/yandex-dialogs-sdk/-/yandex-dialogs-sdk-2.0.5.tgz",
      "integrity": "sha512-3OgVs/xFikbiRAN1pHBvDSDG0Nr2cKkG2VZ5yW7eHyvtgn8j1H6yiAAJ0g12E1ej4Q2Zy7zfLZBJhSI2LT8rVQ==",
      "requires": {
        "@types/fast-levenshtein": "0.0.1",
        "@types/node-fetch": "^2.1.2",
        "debug": "^3.1.0",
        "fast-levenshtein": "^2.0.6",
        "node-fetch": "^2.1.2"
      }
    }
  }
}
